
Microsoft Visual Studio Solution File, Format Version 12.00
# Visual Studio Version 16
VisualStudioVersion = 16.0.30711.63
MinimumVisualStudioVersion = 10.0.40219.1
Project("{FAE04EC0-301F-11D3-BF4B-00C04F79EFBC}") = "Bookstore.WebApii", "Bookstore.WebApii\Bookstore.WebApii.csproj", "{5DD2DC6B-8182-4F40-8D47-A3A334478F0F}"
EndProject
Project("{FAE04EC0-301F-11D3-BF4B-00C04F79EFBC}") = "Bookstore.Core", "Bookstore.Core\Bookstore.Core.csproj", "{4FEF2155-AE46-4E64-ADB8-06510DCA863B}"
EndProject
Global
	GlobalSection(SolutionConfigurationPlatforms) = preSolution
		Debug|Any CPU = Debug|Any CPU
		Release|Any CPU = Release|Any CPU
	EndGlobalSection
	GlobalSection(ProjectConfigurationPlatforms) = postSolution
		{5DD2DC6B-8182-4F40-8D47-A3A334478F0F}.Debug|Any CPU.ActiveCfg = Debug|Any CPU
		{5DD2DC6B-8182-4F40-8D47-A3A334478F0F}.Debug|Any CPU.Build.0 = Debug|Any CPU
		{5DD2DC6B-8182-4F40-8D47-A3A334478F0F}.Release|Any CPU.ActiveCfg = Release|Any CPU
		{5DD2DC6B-8182-4F40-8D47-A3A334478F0F}.Release|Any CPU.Build.0 = Release|Any CPU
		{4FEF2155-AE46-4E64-ADB8-06510DCA863B}.Debug|Any CPU.ActiveCfg = Debug|Any CPU
		{4FEF2155-AE46-4E64-ADB8-06510DCA863B}.Debug|Any CPU.Build.0 = Debug|Any CPU
		{4FEF2155-AE46-4E64-ADB8-06510DCA863B}.Release|Any CPU.ActiveCfg = Release|Any CPU
		{4FEF2155-AE46-4E64-ADB8-06510DCA863B}.Release|Any CPU.Build.0 = Release|Any CPU
	EndGlobalSection
	GlobalSection(SolutionProperties) = preSolution
		HideSolutionNode = FALSE
	EndGlobalSection
	GlobalSection(ExtensibilityGlobals) = postSolution
		SolutionGuid = {5200166A-2F4A-44EB-AF9A-E1E9DC73C18B}
	EndGlobalSection
EndGlobal
